{
  "version": 4,
  "terraform_version": "0.15.4",
  "serial": 1,
  "lineage": "c5580045-8459-3477-e80e-159210e77b65",
  "outputs": {},
  "resources": [
    {
      "mode": "managed",
      "type": "aws_vpc",
      "name": "aws",
      "provider": "provider[\"registry.terraform.io/hashicorp/aws\"]",
      "instances": [
        {
          "schema_version": 1,
          "attributes": {
            "arn": "arn:aws:ec2:ap-southeast-1:902545120538:vpc/vpc-00efba7c233a42592",
            "assign_generated_ipv6_cidr_block": false,
            "cidr_block": "10.0.0.0/16",
            "default_network_acl_id": "acl-0c5c13c07828891ca",
            "default_route_table_id": "rtb-039d02f6f1fa45b3f",
            "default_security_group_id": "sg-02b2ae2ba5ad315dd",
            "dhcp_options_id": "dopt-06648660",
            "enable_classiclink": false,
            "enable_classiclink_dns_support": false,
            "enable_dns_hostnames": false,
            "enable_dns_support": true,
            "id": "vpc-00efba7c233a42592",
            "instance_tenancy": "default",
            "ipv6_association_id": "",
            "ipv6_cidr_block": "",
            "main_route_table_id": "rtb-039d02f6f1fa45b3f",
            "owner_id": "902545120538",
            "tags": {
              "Environment": "QA",
              "Name": "Demo",
              "Terraformed": "True"
            },
            "tags_all": {
              "Environment": "QA",
              "Name": "Demo",
              "Terraformed": "True"
            }
          },
          "sensitive_attributes": [],
          "private": "eyJzY2hlbWFfdmVyc2lvbiI6IjEifQ=="
        }
      ]
    }
  ]
}
